
Microsoft Visual Studio Solution File, Format Version 12.00
# Visual Studio Version 17
VisualStudioVersion = 17.1.32421.90
MinimumVisualStudioVersion = 10.0.40219.1
Project("{2150E333-8FDC-42A3-9474-1A3956D46DE8}") = "src", "src", "{5AF5331C-34A3-4466-95C3-F67146A5CA60}"
EndProject
Project("{2150E333-8FDC-42A3-9474-1A3956D46DE8}") = "apps", "apps", "{B2CAB4EB-72D1-4551-9150-B9BA4C18FA41}"
EndProject
Project("{2150E333-8FDC-42A3-9474-1A3956D46DE8}") = "test", "test", "{7B390287-3AD5-427D-B921-9F703452A87B}"
EndProject
Project("{2150E333-8FDC-42A3-9474-1A3956D46DE8}") = "API", "API", "{11C0D2CE-5631-478C-9583-735F80AD35BF}"
EndProject
Project("{2150E333-8FDC-42A3-9474-1A3956D46DE8}") = "WEB", "WEB", "{77DA701C-333A-4DF2-B030-07169B1CC02F}"
EndProject
Project("{FAE04EC0-301F-11D3-BF4B-00C04F79EFBC}") = "PruebaTecnicaWDL.Domain", "src\PruebaTecnicaWDL.Domain\PruebaTecnicaWDL.Domain.csproj", "{CB16952C-CDCB-4846-ADA1-93E00B7F4329}"
EndProject
Project("{FAE04EC0-301F-11D3-BF4B-00C04F79EFBC}") = "PruebaTecnicaWDL.Application", "src\PruebaTecnicaWDL.Application\PruebaTecnicaWDL.Application.csproj", "{32C9B000-D5B6-46ED-B001-16B52E5631E5}"
EndProject
Project("{FAE04EC0-301F-11D3-BF4B-00C04F79EFBC}") = "PruebaTecnicaWDL.Infrastructure", "src\PruebaTecnicaWDL.Infrastructure\PruebaTecnicaWDL.Infrastructure.csproj", "{3B6D7817-5890-4B9E-8875-DCB08B2DAA45}"
EndProject
Project("{FAE04EC0-301F-11D3-BF4B-00C04F79EFBC}") = "PruebaTecnicaWDL.WebApi", "apps\API\PruebaTecnicaWDL.WebApp\PruebaTecnicaWDL.WebApi.csproj", "{B60478DD-4808-4EAD-BDF6-5B01F9C569DF}"
EndProject
Project("{FAE04EC0-301F-11D3-BF4B-00C04F79EFBC}") = "PruebaTecnicaWDL.WebApp", "apps\WEB\PruebaTecnicaWDL.WebApp\PruebaTecnicaWDL.WebApp.csproj", "{B4CDD7D7-6117-4998-B7CC-B8FDFD85D007}"
EndProject
Global
	GlobalSection(SolutionConfigurationPlatforms) = preSolution
		Debug|Any CPU = Debug|Any CPU
		Release|Any CPU = Release|Any CPU
	EndGlobalSection
	GlobalSection(ProjectConfigurationPlatforms) = postSolution
		{CB16952C-CDCB-4846-ADA1-93E00B7F4329}.Debug|Any CPU.ActiveCfg = Debug|Any CPU
		{CB16952C-CDCB-4846-ADA1-93E00B7F4329}.Debug|Any CPU.Build.0 = Debug|Any CPU
		{CB16952C-CDCB-4846-ADA1-93E00B7F4329}.Release|Any CPU.ActiveCfg = Release|Any CPU
		{CB16952C-CDCB-4846-ADA1-93E00B7F4329}.Release|Any CPU.Build.0 = Release|Any CPU
		{32C9B000-D5B6-46ED-B001-16B52E5631E5}.Debug|Any CPU.ActiveCfg = Debug|Any CPU
		{32C9B000-D5B6-46ED-B001-16B52E5631E5}.Debug|Any CPU.Build.0 = Debug|Any CPU
		{32C9B000-D5B6-46ED-B001-16B52E5631E5}.Release|Any CPU.ActiveCfg = Release|Any CPU
		{32C9B000-D5B6-46ED-B001-16B52E5631E5}.Release|Any CPU.Build.0 = Release|Any CPU
		{3B6D7817-5890-4B9E-8875-DCB08B2DAA45}.Debug|Any CPU.ActiveCfg = Debug|Any CPU
		{3B6D7817-5890-4B9E-8875-DCB08B2DAA45}.Debug|Any CPU.Build.0 = Debug|Any CPU
		{3B6D7817-5890-4B9E-8875-DCB08B2DAA45}.Release|Any CPU.ActiveCfg = Release|Any CPU
		{3B6D7817-5890-4B9E-8875-DCB08B2DAA45}.Release|Any CPU.Build.0 = Release|Any CPU
		{B60478DD-4808-4EAD-BDF6-5B01F9C569DF}.Debug|Any CPU.ActiveCfg = Debug|Any CPU
		{B60478DD-4808-4EAD-BDF6-5B01F9C569DF}.Debug|Any CPU.Build.0 = Debug|Any CPU
		{B60478DD-4808-4EAD-BDF6-5B01F9C569DF}.Release|Any CPU.ActiveCfg = Release|Any CPU
		{B60478DD-4808-4EAD-BDF6-5B01F9C569DF}.Release|Any CPU.Build.0 = Release|Any CPU
		{B4CDD7D7-6117-4998-B7CC-B8FDFD85D007}.Debug|Any CPU.ActiveCfg = Debug|Any CPU
		{B4CDD7D7-6117-4998-B7CC-B8FDFD85D007}.Debug|Any CPU.Build.0 = Debug|Any CPU
		{B4CDD7D7-6117-4998-B7CC-B8FDFD85D007}.Release|Any CPU.ActiveCfg = Release|Any CPU
		{B4CDD7D7-6117-4998-B7CC-B8FDFD85D007}.Release|Any CPU.Build.0 = Release|Any CPU
	EndGlobalSection
	GlobalSection(SolutionProperties) = preSolution
		HideSolutionNode = FALSE
	EndGlobalSection
	GlobalSection(NestedProjects) = preSolution
		{11C0D2CE-5631-478C-9583-735F80AD35BF} = {B2CAB4EB-72D1-4551-9150-B9BA4C18FA41}
		{77DA701C-333A-4DF2-B030-07169B1CC02F} = {B2CAB4EB-72D1-4551-9150-B9BA4C18FA41}
		{CB16952C-CDCB-4846-ADA1-93E00B7F4329} = {5AF5331C-34A3-4466-95C3-F67146A5CA60}
		{32C9B000-D5B6-46ED-B001-16B52E5631E5} = {5AF5331C-34A3-4466-95C3-F67146A5CA60}
		{3B6D7817-5890-4B9E-8875-DCB08B2DAA45} = {5AF5331C-34A3-4466-95C3-F67146A5CA60}
		{B60478DD-4808-4EAD-BDF6-5B01F9C569DF} = {11C0D2CE-5631-478C-9583-735F80AD35BF}
		{B4CDD7D7-6117-4998-B7CC-B8FDFD85D007} = {77DA701C-333A-4DF2-B030-07169B1CC02F}
	EndGlobalSection
	GlobalSection(ExtensibilityGlobals) = postSolution
		SolutionGuid = {18C69436-F1BA-4A8C-A4EE-E6CB8A4FE825}
	EndGlobalSection
EndGlobal
